
Microsoft Visual Studio Solution File, Format Version 12.00
# Visual Studio 15
VisualStudioVersion = 15.0.27130.2036
MinimumVisualStudioVersion = 10.0.40219.1
Project("{FAE04EC0-301F-11D3-BF4B-00C04F79EFBC}") = "SchoolSystem", "SchoolSystem.csproj", "{FB3D765F-EAF0-43B7-AEE8-AD9CC632DE9A}"
EndProject
Global
	GlobalSection(SolutionConfigurationPlatforms) = preSolution
		Debug|Any CPU = Debug|Any CPU
		Release|Any CPU = Release|Any CPU
	EndGlobalSection
	GlobalSection(ProjectConfigurationPlatforms) = postSolution
		{FB3D765F-EAF0-43B7-AEE8-AD9CC632DE9A}.Debug|Any CPU.ActiveCfg = Debug|Any CPU
		{FB3D765F-EAF0-43B7-AEE8-AD9CC632DE9A}.Debug|Any CPU.Build.0 = Debug|Any CPU
		{FB3D765F-EAF0-43B7-AEE8-AD9CC632DE9A}.Release|Any CPU.ActiveCfg = Release|Any CPU
		{FB3D765F-EAF0-43B7-AEE8-AD9CC632DE9A}.Release|Any CPU.Build.0 = Release|Any CPU
	EndGlobalSection
	GlobalSection(SolutionProperties) = preSolution
		HideSolutionNode = FALSE
	EndGlobalSection
	GlobalSection(ExtensibilityGlobals) = postSolution
		SolutionGuid = {BBA40DB1-D0A4-4C3B-A066-2D8F654A4704}
	EndGlobalSection
EndGlobal
